
Microsoft Visual Studio Solution File, Format Version 12.00
# Visual Studio Version 16
VisualStudioVersion = 16.0.29215.179
MinimumVisualStudioVersion = 10.0.40219.1
Project("{FAE04EC0-301F-11D3-BF4B-00C04F79EFBC}") = "DemoMVC", "DemoMVC\DemoMVC.csproj", "{78722D5F-AE93-405D-AEE7-9770D9EB177A}"
EndProject
Global
	GlobalSection(SolutionConfigurationPlatforms) = preSolution
		Debug|Any CPU = Debug|Any CPU
		Release|Any CPU = Release|Any CPU
	EndGlobalSection
	GlobalSection(ProjectConfigurationPlatforms) = postSolution
		{78722D5F-AE93-405D-AEE7-9770D9EB177A}.Debug|Any CPU.ActiveCfg = Debug|Any CPU
		{78722D5F-AE93-405D-AEE7-9770D9EB177A}.Debug|Any CPU.Build.0 = Debug|Any CPU
		{78722D5F-AE93-405D-AEE7-9770D9EB177A}.Release|Any CPU.ActiveCfg = Release|Any CPU
		{78722D5F-AE93-405D-AEE7-9770D9EB177A}.Release|Any CPU.Build.0 = Release|Any CPU
	EndGlobalSection
	GlobalSection(SolutionProperties) = preSolution
		HideSolutionNode = FALSE
	EndGlobalSection
	GlobalSection(ExtensibilityGlobals) = postSolution
		SolutionGuid = {D3358B63-481C-4232-A3D7-0CC1B11B9D7D}
	EndGlobalSection
EndGlobal
